
Microsoft Visual Studio Solution File, Format Version 12.00
# Visual Studio Version 17
VisualStudioVersion = 17.4.33213.308
MinimumVisualStudioVersion = 10.0.40219.1
Project("{FAE04EC0-301F-11D3-BF4B-00C04F79EFBC}") = "UltimateValidator", "UltimateValidator.csproj", "{E2704312-A806-4DC7-ACD7-0C131631BDF2}"
EndProject
Project("{2150E333-8FDC-42A3-9474-1A3956D46DE8}") = "Itens de Solução", "Itens de Solução", "{F6339C9B-B150-4526-A6FB-D9BAD4CC8263}"
	ProjectSection(SolutionItems) = preProject
		README.md = README.md
	EndProjectSection
EndProject
Global
	GlobalSection(SolutionConfigurationPlatforms) = preSolution
		Debug|Any CPU = Debug|Any CPU
		Release|Any CPU = Release|Any CPU
	EndGlobalSection
	GlobalSection(ProjectConfigurationPlatforms) = postSolution
		{E2704312-A806-4DC7-ACD7-0C131631BDF2}.Debug|Any CPU.ActiveCfg = Debug|Any CPU
		{E2704312-A806-4DC7-ACD7-0C131631BDF2}.Debug|Any CPU.Build.0 = Debug|Any CPU
		{E2704312-A806-4DC7-ACD7-0C131631BDF2}.Release|Any CPU.ActiveCfg = Release|Any CPU
		{E2704312-A806-4DC7-ACD7-0C131631BDF2}.Release|Any CPU.Build.0 = Release|Any CPU
	EndGlobalSection
	GlobalSection(SolutionProperties) = preSolution
		HideSolutionNode = FALSE
	EndGlobalSection
	GlobalSection(ExtensibilityGlobals) = postSolution
		SolutionGuid = {B2BE1A79-9A60-47D7-93FC-17AE28C0522A}
	EndGlobalSection
EndGlobal
